
Microsoft Visual Studio Solution File, Format Version 12.00
# Visual Studio Version 17
VisualStudioVersion = 17.4.33213.308
MinimumVisualStudioVersion = 10.0.40219.1
Project("{9A19103F-16F7-4668-BE54-9A1E7A4F7556}") = "CleanMovie.Domain", "CleanMovie.Domain\CleanMovie.Domain.csproj", "{1B1AEB2E-1BFD-4060-B4A0-3664F1009822}"
EndProject
Project("{9A19103F-16F7-4668-BE54-9A1E7A4F7556}") = "CleanMovie.Application", "CleanMovie.Application\CleanMovie.Application.csproj", "{CE086A3E-C793-4D2F-A97C-A719A93A69B2}"
EndProject
Project("{FAE04EC0-301F-11D3-BF4B-00C04F79EFBC}") = "CleanMovie.Infrastucture", "CleanMovie.Infrastucture\CleanMovie.Infrastucture.csproj", "{630CFBB7-DD58-4B4F-8346-E1F296E5C357}"
EndProject
Project("{FAE04EC0-301F-11D3-BF4B-00C04F79EFBC}") = "CleanMovie.API", "CleanMovie.API\CleanMovie.API.csproj", "{47D8B56F-1953-41ED-B74D-AA2C4AA15D6A}"
EndProject
Global
	GlobalSection(SolutionConfigurationPlatforms) = preSolution
		Debug|Any CPU = Debug|Any CPU
		Release|Any CPU = Release|Any CPU
	EndGlobalSection
	GlobalSection(ProjectConfigurationPlatforms) = postSolution
		{1B1AEB2E-1BFD-4060-B4A0-3664F1009822}.Debug|Any CPU.ActiveCfg = Debug|Any CPU
		{1B1AEB2E-1BFD-4060-B4A0-3664F1009822}.Debug|Any CPU.Build.0 = Debug|Any CPU
		{1B1AEB2E-1BFD-4060-B4A0-3664F1009822}.Release|Any CPU.ActiveCfg = Release|Any CPU
		{1B1AEB2E-1BFD-4060-B4A0-3664F1009822}.Release|Any CPU.Build.0 = Release|Any CPU
		{CE086A3E-C793-4D2F-A97C-A719A93A69B2}.Debug|Any CPU.ActiveCfg = Debug|Any CPU
		{CE086A3E-C793-4D2F-A97C-A719A93A69B2}.Debug|Any CPU.Build.0 = Debug|Any CPU
		{CE086A3E-C793-4D2F-A97C-A719A93A69B2}.Release|Any CPU.ActiveCfg = Release|Any CPU
		{CE086A3E-C793-4D2F-A97C-A719A93A69B2}.Release|Any CPU.Build.0 = Release|Any CPU
		{630CFBB7-DD58-4B4F-8346-E1F296E5C357}.Debug|Any CPU.ActiveCfg = Debug|Any CPU
		{630CFBB7-DD58-4B4F-8346-E1F296E5C357}.Debug|Any CPU.Build.0 = Debug|Any CPU
		{630CFBB7-DD58-4B4F-8346-E1F296E5C357}.Release|Any CPU.ActiveCfg = Release|Any CPU
		{630CFBB7-DD58-4B4F-8346-E1F296E5C357}.Release|Any CPU.Build.0 = Release|Any CPU
		{47D8B56F-1953-41ED-B74D-AA2C4AA15D6A}.Debug|Any CPU.ActiveCfg = Debug|Any CPU
		{47D8B56F-1953-41ED-B74D-AA2C4AA15D6A}.Debug|Any CPU.Build.0 = Debug|Any CPU
		{47D8B56F-1953-41ED-B74D-AA2C4AA15D6A}.Release|Any CPU.ActiveCfg = Release|Any CPU
		{47D8B56F-1953-41ED-B74D-AA2C4AA15D6A}.Release|Any CPU.Build.0 = Release|Any CPU
	EndGlobalSection
	GlobalSection(SolutionProperties) = preSolution
		HideSolutionNode = FALSE
	EndGlobalSection
	GlobalSection(ExtensibilityGlobals) = postSolution
		SolutionGuid = {FDA21751-2C57-4BB0-BF15-1957C33460E8}
	EndGlobalSection
EndGlobal
